{
  "requires": true,
  "lockfileVersion": 1,
  "dependencies": {
    "@next/env": {
      "version": "12.3.3",
      "resolved": "https://registry.npmjs.org/@next/env/-/env-12.3.3.tgz",
      "integrity": "sha512-H2pKuOasV9RgvVaWosB2rGSNeQShQpiDaF4EEjLyagIc3HwqdOw2/VAG/8Lq+adOwPv2P73O1hulTNad3k5MDw=="
    },
    "@next/swc-android-arm-eabi": {
      "version": "12.3.3",
      "resolved": "https://registry.npmjs.org/@next/swc-android-arm-eabi/-/swc-android-arm-eabi-12.3.3.tgz",
      "integrity": "sha512-5O/ZIX6hlIRGMy1R2f/8WiCZ4Hp4WTC0FcTuz8ycQ28j/mzDnmzjVoayVVr+ZmfEKQayFrRu+vxHjFyY0JGQlQ==",
      "optional": true
    },
    "@next/swc-android-arm64": {
      "version": "12.3.3",
      "resolved": "https://registry.npmjs.org/@next/swc-android-arm64/-/swc-android-arm64-12.3.3.tgz",
      "integrity": "sha512-2QWreRmlxYRDtnLYn+BI8oukHwcP7W0zGIY5R2mEXRjI4ARqCLdu8RmcT9Vemw7RfeAVKA/4cv/9PY0pCcQpNA==",
      "optional": true
    },
    "@next/swc-darwin-arm64": {
      "version": "12.3.3",
      "resolved": "https://registry.npmjs.org/@next/swc-darwin-arm64/-/swc-darwin-arm64-12.3.3.tgz",
      "integrity": "sha512-GtZdDLerM+VToCMFp+W+WhnT6sxHePQH4xZZiYD/Y8KFiwHbDRcJr2FPG0bAJnGNiSvv/QQnBq74wjZ9+7vhcQ==",
      "optional": true
    },
    "@next/swc-darwin-x64": {
      "version": "12.3.3",
      "resolved": "https://registry.npmjs.org/@next/swc-darwin-x64/-/swc-darwin-x64-12.3.3.tgz",
      "integrity": "sha512-gRYvTKrRYynjFQUDJ+upHMcBiNz0ii0m7zGgmUTlTSmrBWqVSzx79EHYT7Nn4GWHM+a/W+2VXfu+lqHcJeQ9gQ==",
      "optional": true
    },
    "@next/swc-freebsd-x64": {
      "version": "12.3.3",
      "resolved": "https://registry.npmjs.org/@next/swc-freebsd-x64/-/swc-freebsd-x64-12.3.3.tgz",
      "integrity": "sha512-r+GLATzCjjQI82bgrIPXWEYBwZonSO64OThk5wU6HduZlDYTEDxZsFNoNoesCDWCgRrgg+OXj7WLNy1WlvfX7w==",
      "optional": true
    },
    "@next/swc-linux-arm-gnueabihf": {
      "version": "12.3.3",
      "resolved": "https://registry.npmjs.org/@next/swc-linux-arm-gnueabihf/-/swc-linux-arm-gnueabihf-12.3.3.tgz",
      "integrity": "sha512-juvRj1QX9jmQScL4nV0rROtYUFgWP76zfdn1fdfZ2BhvwUugIAq8x+jLVGlnXKUhDrP9+RrAufqXjjVkK+uBxA==",
      "optional": true
    },
    "@next/swc-linux-arm64-gnu": {
      "version": "12.3.3",
      "resolved": "https://registry.npmjs.org/@next/swc-linux-arm64-gnu/-/swc-linux-arm64-gnu-12.3.3.tgz",
      "integrity": "sha512-hzinybStPB+SzS68hR5rzOngOH7Yd/jFuWGeg9qS5WifYXHpqwGH2BQeKpjVV0iJuyO9r309JKrRWMrbfhnuBA==",
      "optional": true
    },
    "@next/swc-linux-arm64-musl": {
      "version": "12.3.3",
      "resolved": "https://registry.npmjs.org/@next/swc-linux-arm64-musl/-/swc-linux-arm64-musl-12.3.3.tgz",
      "integrity": "sha512-oyfQYljCwf+9zUu1YkTZbRbyxmcHzvJPMGOxC3kJOReh3kCUoGcmvAxUPMtFD6FSYjJ+eaog4+2IFHtYuAw/bQ==",
      "optional": true
    },
    "@next/swc-linux-x64-gnu": {
      "version": "12.3.3",
      "resolved": "https://registry.npmjs.org/@next/swc-linux-x64-gnu/-/swc-linux-x64-gnu-12.3.3.tgz",
      "integrity": "sha512-epv4FMazj/XG70KTTnrZ0H1VtL6DeWOvyHLHYy7f5PdgDpBXpDTFjVqhP8NFNH8HmaDDdeL1NvQD07AXhyvUKA==",
      "optional": true
    },
    "@next/swc-linux-x64-musl": {
      "version": "12.3.3",
      "resolved": "https://registry.npmjs.org/@next/swc-linux-x64-musl/-/swc-linux-x64-musl-12.3.3.tgz",
      "integrity": "sha512-bG5QODFy59XnSFTiPyIAt+rbPdphtvQMibtOVvyjwIwsBUw7swJ6k+6PSPVYEYpi6SHzi3qYBsro39ayGJKQJg==",
      "optional": true
    },
    "@next/swc-win32-arm64-msvc": {
      "version": "12.3.3",
      "resolved": "https://registry.npmjs.org/@next/swc-win32-arm64-msvc/-/swc-win32-arm64-msvc-12.3.3.tgz",
      "integrity": "sha512-FbnT3reJ3MbTJ5W0hvlCCGGVDSpburzT5XGC9ljBJ4kr+85iNTLjv7+vrPeDdwHEqtGmdZgnabkLVCI4yFyCag==",
      "optional": true
    },
    "@next/swc-win32-ia32-msvc": {
      "version": "12.3.3",
      "resolved": "https://registry.npmjs.org/@next/swc-win32-ia32-msvc/-/swc-win32-ia32-msvc-12.3.3.tgz",
      "integrity": "sha512-M/fKZC2tMGWA6eTsIniNEBpx2prdR8lIxvSO3gv5P6ymZOGVWCvEMksnTkPAjHnU6d8r8eCiuGKm3UNo7zCTpQ==",
      "optional": true
    },
    "@next/swc-win32-x64-msvc": {
      "version": "12.3.3",
      "resolved": "https://registry.npmjs.org/@next/swc-win32-x64-msvc/-/swc-win32-x64-msvc-12.3.3.tgz",
      "integrity": "sha512-Ku9mfGwmNtk44o4B/jEWUxBAT4tJ3S7QbBMLJdL1GmtRZ05LGL36OqWjLvBPr8dFiHOQQbYoAmYfQw7zeGypYA==",
      "optional": true
    },
    "@swc/helpers": {
      "version": "0.4.11",
      "resolved": "https://registry.npmjs.org/@swc/helpers/-/helpers-0.4.11.tgz",
      "integrity": "sha512-rEUrBSGIoSFuYxwBYtlUFMlE2CwGhmW+w9355/5oduSw8e5h2+Tj4UrAGNNgP9915++wj5vkQo0UuOBqOAq4nw==",
      "requires": {
        "tslib": "^2.4.0"
      }
    },
    "@types/prop-types": {
      "version": "15.7.4",
      "resolved": "https://registry.npmjs.org/@types/prop-types/-/prop-types-15.7.4.tgz",
      "integrity": "sha512-rZ5drC/jWjrArrS8BR6SIr4cWpW09RNTYt9AMZo3Jwwif+iacXAqgVjm0B0Bv/S1jhDXKHqRVNCbACkJ89RAnQ==",
      "dev": true
    },
    "@types/react": {
      "version": "17.0.34",
      "resolved": "https://registry.npmjs.org/@types/react/-/react-17.0.34.tgz",
      "integrity": "sha512-46FEGrMjc2+8XhHXILr+3+/sTe3OfzSPU9YGKILLrUYbQ1CLQC9Daqo1KzENGXAWwrFwiY0l4ZbF20gRvgpWTg==",
      "dev": true,
      "requires": {
        "@types/prop-types": "*",
        "@types/scheduler": "*",
        "csstype": "^3.0.2"
      }
    },
    "@types/scheduler": {
      "version": "0.16.2",
      "resolved": "https://registry.npmjs.org/@types/scheduler/-/scheduler-0.16.2.tgz",
      "integrity": "sha512-hppQEBDmlwhFAXKJX2KnWLYu5yMfi91yazPb2l+lbJiwW+wdo1gNeRA+3RgNSO39WYX2euey41KEwnqesU2Jew==",
      "dev": true
    },
    "caniuse-lite": {
      "version": "1.0.30001431",
      "resolved": "https://registry.npmjs.org/caniuse-lite/-/caniuse-lite-1.0.30001431.tgz",
      "integrity": "sha512-zBUoFU0ZcxpvSt9IU66dXVT/3ctO1cy4y9cscs1szkPlcWb6pasYM144GqrUygUbT+k7cmUCW61cvskjcv0enQ=="
    },
    "csstype": {
      "version": "3.0.9",
      "resolved": "https://registry.npmjs.org/csstype/-/csstype-3.0.9.tgz",
      "integrity": "sha512-rpw6JPxK6Rfg1zLOYCSwle2GFOOsnjmDYDaBwEcwoOg4qlsIVCN789VkBZDJAGi4T07gI4YSutR43t9Zz4Lzuw==",
      "dev": true
    },
    "dequal": {
      "version": "2.0.2",
      "resolved": "https://registry.npmjs.org/dequal/-/dequal-2.0.2.tgz",
      "integrity": "sha512-q9K8BlJVxK7hQYqa6XISGmBZbtQQWVXSrRrWreHC94rMt1QL/Impruc+7p2CYSYuVIUr+YCt6hjrs1kkdJRTug=="
    },
    "js-tokens": {
      "version": "4.0.0",
      "resolved": "https://registry.npmjs.org/js-tokens/-/js-tokens-4.0.0.tgz",
      "integrity": "sha512-RdJUflcE3cUzKiMqQgsCu06FPu9UdIJO0beYbPhHN4k6apgJtifcoCtT9bcxOpYBtpD2kCM6Sbzg4CausW/PKQ=="
    },
    "loose-envify": {
      "version": "1.4.0",
      "resolved": "https://registry.npmjs.org/loose-envify/-/loose-envify-1.4.0.tgz",
      "integrity": "sha512-lyuxPGr/Wfhrlem2CL/UcnUc1zcqKAImBDzukY7Y5F/yQiNdko6+fRLevlw1HgMySw7f611UIY408EtxRSoK3Q==",
      "requires": {
        "js-tokens": "^3.0.0 || ^4.0.0"
      }
    },
    "nanoid": {
      "version": "3.3.4",
      "resolved": "https://registry.npmjs.org/nanoid/-/nanoid-3.3.4.tgz",
      "integrity": "sha512-MqBkQh/OHTS2egovRtLk45wEyNXwF+cokD+1YPf9u5VfJiRdAiRwB2froX5Co9Rh20xs4siNPm8naNotSD6RBw=="
    },
    "next": {
      "version": "12.3.3",
      "resolved": "https://registry.npmjs.org/next/-/next-12.3.3.tgz",
      "integrity": "sha512-Rx2Y6Wl5R8E77NOfBupp/B9OPCklqfqD0yN2+rDivhMjd6hjVFH5n0WTDI4PWwDmZsdNcYt6NV85kJ3PLR+eNQ==",
      "requires": {
        "@next/env": "12.3.3",
        "@next/swc-android-arm-eabi": "12.3.3",
        "@next/swc-android-arm64": "12.3.3",
        "@next/swc-darwin-arm64": "12.3.3",
        "@next/swc-darwin-x64": "12.3.3",
        "@next/swc-freebsd-x64": "12.3.3",
        "@next/swc-linux-arm-gnueabihf": "12.3.3",
        "@next/swc-linux-arm64-gnu": "12.3.3",
        "@next/swc-linux-arm64-musl": "12.3.3",
        "@next/swc-linux-x64-gnu": "12.3.3",
        "@next/swc-linux-x64-musl": "12.3.3",
        "@next/swc-win32-arm64-msvc": "12.3.3",
        "@next/swc-win32-ia32-msvc": "12.3.3",
        "@next/swc-win32-x64-msvc": "12.3.3",
        "@swc/helpers": "0.4.11",
        "caniuse-lite": "^1.0.30001406",
        "postcss": "8.4.14",
        "styled-jsx": "5.0.7",
        "use-sync-external-store": "1.2.0"
      }
    },
    "object-assign": {
      "version": "4.1.1",
      "resolved": "https://registry.npmjs.org/object-assign/-/object-assign-4.1.1.tgz",
      "integrity": "sha1-IQmtx5ZYh8/AXLvUQsrIv7s2CGM="
    },
    "picocolors": {
      "version": "1.0.0",
      "resolved": "https://registry.npmjs.org/picocolors/-/picocolors-1.0.0.tgz",
      "integrity": "sha512-1fygroTLlHu66zi26VoTDv8yRgm0Fccecssto+MhsZ0D/DGW2sm8E8AjW7NU5VVTRt5GxbeZ5qBuJr+HyLYkjQ=="
    },
    "postcss": {
      "version": "8.4.14",
      "resolved": "https://registry.npmjs.org/postcss/-/postcss-8.4.14.tgz",
      "integrity": "sha512-E398TUmfAYFPBSdzgeieK2Y1+1cpdxJx8yXbK/m57nRhKSmk1GB2tO4lbLBtlkfPQTDKfe4Xqv1ASWPpayPEig==",
      "requires": {
        "nanoid": "^3.3.4",
        "picocolors": "^1.0.0",
        "source-map-js": "^1.0.2"
      }
    },
    "prettier": {
      "version": "2.4.1",
      "resolved": "https://registry.npmjs.org/prettier/-/prettier-2.4.1.tgz",
      "integrity": "sha512-9fbDAXSBcc6Bs1mZrDYb3XKzDLm4EXXL9sC1LqKP5rZkT6KRr/rf9amVUcODVXgguK/isJz0d0hP72WeaKWsvA==",
      "dev": true
    },
    "react": {
      "version": "18.0.0-alpha-e0aa5e205-20211109",
      "resolved": "https://registry.npmjs.org/react/-/react-18.0.0-alpha-e0aa5e205-20211109.tgz",
      "integrity": "sha512-RtOchWe0mjn8epRY5E3rUMIilaMoTSIn4yOjG+DZEctdSfnX2NoEBeYWuqUXkBmKTDjn66Hrv0lz1rCBz2xQSQ==",
      "requires": {
        "loose-envify": "^1.1.0",
        "object-assign": "^4.1.1"
      }
    },
    "react-dom": {
      "version": "18.0.0-alpha-e0aa5e205-20211109",
      "resolved": "https://registry.npmjs.org/react-dom/-/react-dom-18.0.0-alpha-e0aa5e205-20211109.tgz",
      "integrity": "sha512-FHWLfxlYkfmmZi+P3XZvTvqtCf7ycWAQ4Gn/qwH2QQKgaX9PLEaGf1aDpLJ6IKDBCnKBy+RwRTZy/K2iFhx7Dw==",
      "requires": {
        "loose-envify": "^1.1.0",
        "object-assign": "^4.1.1",
        "scheduler": "0.21.0-alpha-e0aa5e205-20211109"
      }
    },
    "scheduler": {
      "version": "0.21.0-alpha-e0aa5e205-20211109",
      "resolved": "https://registry.npmjs.org/scheduler/-/scheduler-0.21.0-alpha-e0aa5e205-20211109.tgz",
      "integrity": "sha512-ryiI+mlXhk8lzQei3czQbnYoowsV5lFHE9l5FTkRAUGYfr7Rha77nRXTRS1GKwF10J6G+H2geQcFaOAwIZ/CNw==",
      "requires": {
        "loose-envify": "^1.1.0",
        "object-assign": "^4.1.1"
      }
    },
    "source-map-js": {
      "version": "1.0.2",
      "resolved": "https://registry.npmjs.org/source-map-js/-/source-map-js-1.0.2.tgz",
      "integrity": "sha512-R0XvVJ9WusLiqTCEiGCmICCMplcCkIwwR11mOSD9CR5u+IXYdiseeEuXCVAjS54zqwkLcPNnmU4OeJ6tUrWhDw=="
    },
    "styled-jsx": {
      "version": "5.0.7",
      "resolved": "https://registry.npmjs.org/styled-jsx/-/styled-jsx-5.0.7.tgz",
      "integrity": "sha512-b3sUzamS086YLRuvnaDigdAewz1/EFYlHpYBP5mZovKEdQQOIIYq8lApylub3HHZ6xFjV051kkGU7cudJmrXEA=="
    },
    "swr": {
      "version": "1.0.1",
      "resolved": "https://registry.npmjs.org/swr/-/swr-1.0.1.tgz",
      "integrity": "sha512-EPQAxSjoD4IaM49rpRHK0q+/NzcwoT8c0/Ylu/u3/6mFj/CWnQVjNJ0MV2Iuw/U+EJSd2TX5czdAwKPYZIG0YA==",
      "requires": {
        "dequal": "2.0.2"
      }
    },
    "tslib": {
      "version": "2.4.1",
      "resolved": "https://registry.npmjs.org/tslib/-/tslib-2.4.1.tgz",
      "integrity": "sha512-tGyy4dAjRIEwI7BzsB0lynWgOpfqjUdq91XXAlIWD2OwKBH7oCl/GZG/HT4BOHrTlPMOASlMQ7veyTqpmRcrNA=="
    },
    "typescript": {
      "version": "4.4.4",
      "resolved": "https://registry.npmjs.org/typescript/-/typescript-4.4.4.tgz",
      "integrity": "sha512-DqGhF5IKoBl8WNf8C1gu8q0xZSInh9j1kJJMqT3a94w1JzVaBU4EXOSMrz9yDqMT0xt3selp83fuFMQ0uzv6qA==",
      "dev": true
    },
    "use-sync-external-store": {
      "version": "1.2.0",
      "resolved": "https://registry.npmjs.org/use-sync-external-store/-/use-sync-external-store-1.2.0.tgz",
      "integrity": "sha512-eEgnFxGQ1Ife9bzYs6VLi8/4X6CObHMw9Qr9tPY43iKwsPw8xE8+EFsf/2cFZ5S3esXgpWgtSCtLNS41F+sKPA=="
    }
  }
}
